// !$*UTF8*$!
{
	archiveVersion = 1;
	classes = {
	};
	objectVersion = 55;
	objects = {

/* Begin PBXBuildFile section */
		EC12563C2844CC2500A82DB7 /* Tests_iOS.swift in Sources */ = {isa = PBXBuildFile; fileRef = EC12563B2844CC2500A82DB7 /* Tests_iOS.swift */; };
		EC12563E2844CC2500A82DB7 /* Tests_iOSLaunchTests.swift in Sources */ = {isa = PBXBuildFile; fileRef = EC12563D2844CC2500A82DB7 /* Tests_iOSLaunchTests.swift */; };
		EC1256482844CC2500A82DB7 /* Tests_macOS.swift in Sources */ = {isa = PBXBuildFile; fileRef = EC1256472844CC2500A82DB7 /* Tests_macOS.swift */; };
		EC12564A2844CC2500A82DB7 /* Tests_macOSLaunchTests.swift in Sources */ = {isa = PBXBuildFile; fileRef = EC1256492844CC2500A82DB7 /* Tests_macOSLaunchTests.swift */; };
		EC12564B2844CC2500A82DB7 /* TMovieDB_iOS.xcdatamodeld in Sources */ = {isa = PBXBuildFile; fileRef = EC1256202844CC2400A82DB7 /* TMovieDB_iOS.xcdatamodeld */; };
		EC12564C2844CC2500A82DB7 /* TMovieDB_iOS.xcdatamodeld in Sources */ = {isa = PBXBuildFile; fileRef = EC1256202844CC2400A82DB7 /* TMovieDB_iOS.xcdatamodeld */; };
		EC12564D2844CC2500A82DB7 /* TMovieDB_iOSApp.swift in Sources */ = {isa = PBXBuildFile; fileRef = EC1256222844CC2400A82DB7 /* TMovieDB_iOSApp.swift */; };
		EC12564E2844CC2500A82DB7 /* TMovieDB_iOSApp.swift in Sources */ = {isa = PBXBuildFile; fileRef = EC1256222844CC2400A82DB7 /* TMovieDB_iOSApp.swift */; };
		EC12564F2844CC2500A82DB7 /* HomeView.swift in Sources */ = {isa = PBXBuildFile; fileRef = EC1256232844CC2400A82DB7 /* HomeView.swift */; };
		EC1256502844CC2500A82DB7 /* HomeView.swift in Sources */ = {isa = PBXBuildFile; fileRef = EC1256232844CC2400A82DB7 /* HomeView.swift */; };
		EC1256512844CC2500A82DB7 /* Persistence.swift in Sources */ = {isa = PBXBuildFile; fileRef = EC1256242844CC2400A82DB7 /* Persistence.swift */; };
		EC1256522844CC2500A82DB7 /* Persistence.swift in Sources */ = {isa = PBXBuildFile; fileRef = EC1256242844CC2400A82DB7 /* Persistence.swift */; };
		EC1256532844CC2500A82DB7 /* Assets.xcassets in Resources */ = {isa = PBXBuildFile; fileRef = EC1256252844CC2500A82DB7 /* Assets.xcassets */; };
		EC1256542844CC2500A82DB7 /* Assets.xcassets in Resources */ = {isa = PBXBuildFile; fileRef = EC1256252844CC2500A82DB7 /* Assets.xcassets */; };
/* End PBXBuildFile section */

/* Begin PBXContainerItemProxy section */
		EC1256382844CC2500A82DB7 /* PBXContainerItemProxy */ = {
			isa = PBXContainerItemProxy;
			containerPortal = EC12561B2844CC2400A82DB7 /* Project object */;
			proxyType = 1;
			remoteGlobalIDString = EC1256292844CC2500A82DB7;
			remoteInfo = "TMovieDB-iOS (iOS)";
		};
		EC1256442844CC2500A82DB7 /* PBXContainerItemProxy */ = {
			isa = PBXContainerItemProxy;
			containerPortal = EC12561B2844CC2400A82DB7 /* Project object */;
			proxyType = 1;
			remoteGlobalIDString = EC12562F2844CC2500A82DB7;
			remoteInfo = "TMovieDB-iOS (macOS)";
		};
/* End PBXContainerItemProxy section */

/* Begin PBXFileReference section */
		EC1256212844CC2400A82DB7 /* Shared.xcdatamodel */ = {isa = PBXFileReference; lastKnownFileType = wrapper.xcdatamodel; path = Shared.xcdatamodel; sourceTree = "<group>"; };
		EC1256222844CC2400A82DB7 /* TMovieDB_iOSApp.swift */ = {isa = PBXFileReference; lastKnownFileType = sourcecode.swift; path = TMovieDB_iOSApp.swift; sourceTree = "<group>"; };
		EC1256232844CC2400A82DB7 /* HomeView.swift */ = {isa = PBXFileReference; lastKnownFileType = sourcecode.swift; path = HomeView.swift; sourceTree = "<group>"; };
		EC1256242844CC2400A82DB7 /* Persistence.swift */ = {isa = PBXFileReference; lastKnownFileType = sourcecode.swift; path = Persistence.swift; sourceTree = "<group>"; };
		EC1256252844CC2500A82DB7 /* Assets.xcassets */ = {isa = PBXFileReference; lastKnownFileType = folder.assetcatalog; path = Assets.xcassets; sourceTree = "<group>"; };
		EC12562A2844CC2500A82DB7 /* TMovieDB-iOS.app */ = {isa = PBXFileReference; explicitFileType = wrapper.application; includeInIndex = 0; path = "TMovieDB-iOS.app"; sourceTree = BUILT_PRODUCTS_DIR; };
		EC1256302844CC2500A82DB7 /* TMovieDB-iOS.app */ = {isa = PBXFileReference; explicitFileType = wrapper.application; includeInIndex = 0; path = "TMovieDB-iOS.app"; sourceTree = BUILT_PRODUCTS_DIR; };
		EC1256322844CC2500A82DB7 /* macOS.entitlements */ = {isa = PBXFileReference; lastKnownFileType = text.plist.entitlements; path = macOS.entitlements; sourceTree = "<group>"; };
		EC1256372844CC2500A82DB7 /* Tests iOS.xctest */ = {isa = PBXFileReference; explicitFileType = wrapper.cfbundle; includeInIndex = 0; path = "Tests iOS.xctest"; sourceTree = BUILT_PRODUCTS_DIR; };
		EC12563B2844CC2500A82DB7 /* Tests_iOS.swift */ = {isa = PBXFileReference; lastKnownFileType = sourcecode.swift; path = Tests_iOS.swift; sourceTree = "<group>"; };
		EC12563D2844CC2500A82DB7 /* Tests_iOSLaunchTests.swift */ = {isa = PBXFileReference; lastKnownFileType = sourcecode.swift; path = Tests_iOSLaunchTests.swift; sourceTree = "<group>"; };
		EC1256432844CC2500A82DB7 /* Tests macOS.xctest */ = {isa = PBXFileReference; explicitFileType = wrapper.cfbundle; includeInIndex = 0; path = "Tests macOS.xctest"; sourceTree = BUILT_PRODUCTS_DIR; };
		EC1256472844CC2500A82DB7 /* Tests_macOS.swift */ = {isa = PBXFileReference; lastKnownFileType = sourcecode.swift; path = Tests_macOS.swift; sourceTree = "<group>"; };
		EC1256492844CC2500A82DB7 /* Tests_macOSLaunchTests.swift */ = {isa = PBXFileReference; lastKnownFileType = sourcecode.swift; path = Tests_macOSLaunchTests.swift; sourceTree = "<group>"; };
/* End PBXFileReference section */

/* Begin PBXFrameworksBuildPhase section */
		EC1256272844CC2500A82DB7 /* Frameworks */ = {
			isa = PBXFrameworksBuildPhase;
			buildActionMask = 2147483647;
			files = (
			);
			runOnlyForDeploymentPostprocessing = 0;
		};
		EC12562D2844CC2500A82DB7 /* Frameworks */ = {
			isa = PBXFrameworksBuildPhase;
			buildActionMask = 2147483647;
			files = (
			);
			runOnlyForDeploymentPostprocessing = 0;
		};
		EC1256342844CC2500A82DB7 /* Frameworks */ = {
			isa = PBXFrameworksBuildPhase;
			buildActionMask = 2147483647;
			files = (
			);
			runOnlyForDeploymentPostprocessing = 0;
		};
		EC1256402844CC2500A82DB7 /* Frameworks */ = {
			isa = PBXFrameworksBuildPhase;
			buildActionMask = 2147483647;
			files = (
			);
			runOnlyForDeploymentPostprocessing = 0;
		};
/* End PBXFrameworksBuildPhase section */

/* Begin PBXGroup section */
		EC12561A2844CC2400A82DB7 = {
			isa = PBXGroup;
			children = (
				EC12561F2844CC2400A82DB7 /* Shared */,
				EC1256312844CC2500A82DB7 /* macOS */,
				EC12563A2844CC2500A82DB7 /* Tests iOS */,
				EC1256462844CC2500A82DB7 /* Tests macOS */,
				EC12562B2844CC2500A82DB7 /* Products */,
			);
			sourceTree = "<group>";
		};
		EC12561F2844CC2400A82DB7 /* Shared */ = {
			isa = PBXGroup;
			children = (
				EC1256662845C79900A82DB7 /* Home */,
				EC1256642845C76F00A82DB7 /* Common */,
			);
			path = Shared;
			sourceTree = "<group>";
		};
		EC12562B2844CC2500A82DB7 /* Products */ = {
			isa = PBXGroup;
			children = (
				EC12562A2844CC2500A82DB7 /* TMovieDB-iOS.app */,
				EC1256302844CC2500A82DB7 /* TMovieDB-iOS.app */,
				EC1256372844CC2500A82DB7 /* Tests iOS.xctest */,
				EC1256432844CC2500A82DB7 /* Tests macOS.xctest */,
			);
			name = Products;
			sourceTree = "<group>";
		};
		EC1256312844CC2500A82DB7 /* macOS */ = {
			isa = PBXGroup;
			children = (
				EC1256322844CC2500A82DB7 /* macOS.entitlements */,
			);
			path = macOS;
			sourceTree = "<group>";
		};
		EC12563A2844CC2500A82DB7 /* Tests iOS */ = {
			isa = PBXGroup;
			children = (
				EC12563B2844CC2500A82DB7 /* Tests_iOS.swift */,
				EC12563D2844CC2500A82DB7 /* Tests_iOSLaunchTests.swift */,
			);
			path = "Tests iOS";
			sourceTree = "<group>";
		};
		EC1256462844CC2500A82DB7 /* Tests macOS */ = {
			isa = PBXGroup;
			children = (
				EC1256472844CC2500A82DB7 /* Tests_macOS.swift */,
				EC1256492844CC2500A82DB7 /* Tests_macOSLaunchTests.swift */,
			);
			path = "Tests macOS";
			sourceTree = "<group>";
		};
		EC1256632845C76200A82DB7 /* Base */ = {
			isa = PBXGroup;
			children = (
				EC1256222844CC2400A82DB7 /* TMovieDB_iOSApp.swift */,
			);
			path = Base;
			sourceTree = "<group>";
		};
		EC1256642845C76F00A82DB7 /* Common */ = {
			isa = PBXGroup;
			children = (
				EC1256652845C77900A82DB7 /* Resource */,
				EC1256632845C76200A82DB7 /* Base */,
			);
			path = Common;
			sourceTree = "<group>";
		};
		EC1256652845C77900A82DB7 /* Resource */ = {
			isa = PBXGroup;
			children = (
				EC1256242844CC2400A82DB7 /* Persistence.swift */,
				EC1256252844CC2500A82DB7 /* Assets.xcassets */,
				EC1256202844CC2400A82DB7 /* TMovieDB_iOS.xcdatamodeld */,
			);
			path = Resource;
			sourceTree = "<group>";
		};
		EC1256662845C79900A82DB7 /* Home */ = {
			isa = PBXGroup;
			children = (
				EC1256232844CC2400A82DB7 /* HomeView.swift */,
			);
			path = Home;
			sourceTree = "<group>";
		};
/* End PBXGroup section */

/* Begin PBXNativeTarget section */
		EC1256292844CC2500A82DB7 /* TMovieDB-iOS (iOS) */ = {
			isa = PBXNativeTarget;
			buildConfigurationList = EC1256572844CC2500A82DB7 /* Build configuration list for PBXNativeTarget "TMovieDB-iOS (iOS)" */;
			buildPhases = (
				EC1256262844CC2500A82DB7 /* Sources */,
				EC1256272844CC2500A82DB7 /* Frameworks */,
				EC1256282844CC2500A82DB7 /* Resources */,
			);
			buildRules = (
			);
			dependencies = (
			);
			name = "TMovieDB-iOS (iOS)";
			productName = "TMovieDB-iOS (iOS)";
			productReference = EC12562A2844CC2500A82DB7 /* TMovieDB-iOS.app */;
			productType = "com.apple.product-type.application";
		};
		EC12562F2844CC2500A82DB7 /* TMovieDB-iOS (macOS) */ = {
			isa = PBXNativeTarget;
			buildConfigurationList = EC12565A2844CC2500A82DB7 /* Build configuration list for PBXNativeTarget "TMovieDB-iOS (macOS)" */;
			buildPhases = (
				EC12562C2844CC2500A82DB7 /* Sources */,
				EC12562D2844CC2500A82DB7 /* Frameworks */,
				EC12562E2844CC2500A82DB7 /* Resources */,
			);
			buildRules = (
			);
			dependencies = (
			);
			name = "TMovieDB-iOS (macOS)";
			productName = "TMovieDB-iOS (macOS)";
			productReference = EC1256302844CC2500A82DB7 /* TMovieDB-iOS.app */;
			productType = "com.apple.product-type.application";
		};
		EC1256362844CC2500A82DB7 /* Tests iOS */ = {
			isa = PBXNativeTarget;
			buildConfigurationList = EC12565D2844CC2500A82DB7 /* Build configuration list for PBXNativeTarget "Tests iOS" */;
			buildPhases = (
				EC1256332844CC2500A82DB7 /* Sources */,
				EC1256342844CC2500A82DB7 /* Frameworks */,
				EC1256352844CC2500A82DB7 /* Resources */,
			);
			buildRules = (
			);
			dependencies = (
				EC1256392844CC2500A82DB7 /* PBXTargetDependency */,
			);
			name = "Tests iOS";
			productName = "Tests iOS";
			productReference = EC1256372844CC2500A82DB7 /* Tests iOS.xctest */;
			productType = "com.apple.product-type.bundle.ui-testing";
		};
		EC1256422844CC2500A82DB7 /* Tests macOS */ = {
			isa = PBXNativeTarget;
			buildConfigurationList = EC1256602844CC2500A82DB7 /* Build configuration list for PBXNativeTarget "Tests macOS" */;
			buildPhases = (
				EC12563F2844CC2500A82DB7 /* Sources */,
				EC1256402844CC2500A82DB7 /* Frameworks */,
				EC1256412844CC2500A82DB7 /* Resources */,
			);
			buildRules = (
			);
			dependencies = (
				EC1256452844CC2500A82DB7 /* PBXTargetDependency */,
			);
			name = "Tests macOS";
			productName = "Tests macOS";
			productReference = EC1256432844CC2500A82DB7 /* Tests macOS.xctest */;
			productType = "com.apple.product-type.bundle.ui-testing";
		};
/* End PBXNativeTarget section */

/* Begin PBXProject section */
		EC12561B2844CC2400A82DB7 /* Project object */ = {
			isa = PBXProject;
			attributes = {
				BuildIndependentTargetsInParallel = 1;
				LastSwiftUpdateCheck = 1330;
				LastUpgradeCheck = 1330;
				TargetAttributes = {
					EC1256292844CC2500A82DB7 = {
						CreatedOnToolsVersion = 13.3.1;
					};
					EC12562F2844CC2500A82DB7 = {
						CreatedOnToolsVersion = 13.3.1;
					};
					EC1256362844CC2500A82DB7 = {
						CreatedOnToolsVersion = 13.3.1;
						TestTargetID = EC1256292844CC2500A82DB7;
					};
					EC1256422844CC2500A82DB7 = {
						CreatedOnToolsVersion = 13.3.1;
						TestTargetID = EC12562F2844CC2500A82DB7;
					};
				};
			};
			buildConfigurationList = EC12561E2844CC2400A82DB7 /* Build configuration list for PBXProject "TMovieDB-iOS" */;
			compatibilityVersion = "Xcode 13.0";
			developmentRegion = en;
			hasScannedForEncodings = 0;
			knownRegions = (
				en,
				Base,
			);
			mainGroup = EC12561A2844CC2400A82DB7;
			productRefGroup = EC12562B2844CC2500A82DB7 /* Products */;
			projectDirPath = "";
			projectRoot = "";
			targets = (
				EC1256292844CC2500A82DB7 /* TMovieDB-iOS (iOS) */,
				EC12562F2844CC2500A82DB7 /* TMovieDB-iOS (macOS) */,
				EC1256362844CC2500A82DB7 /* Tests iOS */,
				EC1256422844CC2500A82DB7 /* Tests macOS */,
			);
		};
/* End PBXProject section */

/* Begin PBXResourcesBuildPhase section */
		EC1256282844CC2500A82DB7 /* Resources */ = {
			isa = PBXResourcesBuildPhase;
			buildActionMask = 2147483647;
			files = (
				EC1256532844CC2500A82DB7 /* Assets.xcassets in Resources */,
			);
			runOnlyForDeploymentPostprocessing = 0;
		};
		EC12562E2844CC2500A82DB7 /* Resources */ = {
			isa = PBXResourcesBuildPhase;
			buildActionMask = 2147483647;
			files = (
				EC1256542844CC2500A82DB7 /* Assets.xcassets in Resources */,
			);
			runOnlyForDeploymentPostprocessing = 0;
		};
		EC1256352844CC2500A82DB7 /* Resources */ = {
			isa = PBXResourcesBuildPhase;
			buildActionMask = 2147483647;
			files = (
			);
			runOnlyForDeploymentPostprocessing = 0;
		};
		EC1256412844CC2500A82DB7 /* Resources */ = {
			isa = PBXResourcesBuildPhase;
			buildActionMask = 2147483647;
			files = (
			);
			runOnlyForDeploymentPostprocessing = 0;
		};
/* End PBXResourcesBuildPhase section */

/* Begin PBXSourcesBuildPhase section */
		EC1256262844CC2500A82DB7 /* Sources */ = {
			isa = PBXSourcesBuildPhase;
			buildActionMask = 2147483647;
			files = (
				EC12564B2844CC2500A82DB7 /* TMovieDB_iOS.xcdatamodeld in Sources */,
				EC1256512844CC2500A82DB7 /* Persistence.swift in Sources */,
				EC12564D2844CC2500A82DB7 /* TMovieDB_iOSApp.swift in Sources */,
				EC12564F2844CC2500A82DB7 /* HomeView.swift in Sources */,
			);
			runOnlyForDeploymentPostprocessing = 0;
		};
		EC12562C2844CC2500A82DB7 /* Sources */ = {
			isa = PBXSourcesBuildPhase;
			buildActionMask = 2147483647;
			files = (
				EC12564C2844CC2500A82DB7 /* TMovieDB_iOS.xcdatamodeld in Sources */,
				EC1256522844CC2500A82DB7 /* Persistence.swift in Sources */,
				EC12564E2844CC2500A82DB7 /* TMovieDB_iOSApp.swift in Sources */,
				EC1256502844CC2500A82DB7 /* HomeView.swift in Sources */,
			);
			runOnlyForDeploymentPostprocessing = 0;
		};
		EC1256332844CC2500A82DB7 /* Sources */ = {
			isa = PBXSourcesBuildPhase;
			buildActionMask = 2147483647;
			files = (
				EC12563E2844CC2500A82DB7 /* Tests_iOSLaunchTests.swift in Sources */,
				EC12563C2844CC2500A82DB7 /* Tests_iOS.swift in Sources */,
			);
			runOnlyForDeploymentPostprocessing = 0;
		};
		EC12563F2844CC2500A82DB7 /* Sources */ = {
			isa = PBXSourcesBuildPhase;
			buildActionMask = 2147483647;
			files = (
				EC12564A2844CC2500A82DB7 /* Tests_macOSLaunchTests.swift in Sources */,
				EC1256482844CC2500A82DB7 /* Tests_macOS.swift in Sources */,
			);
			runOnlyForDeploymentPostprocessing = 0;
		};
/* End PBXSourcesBuildPhase section */

/* Begin PBXTargetDependency section */
		EC1256392844CC2500A82DB7 /* PBXTargetDependency */ = {
			isa = PBXTargetDependency;
			target = EC1256292844CC2500A82DB7 /* TMovieDB-iOS (iOS) */;
			targetProxy = EC1256382844CC2500A82DB7 /* PBXContainerItemProxy */;
		};
		EC1256452844CC2500A82DB7 /* PBXTargetDependency */ = {
			isa = PBXTargetDependency;
			target = EC12562F2844CC2500A82DB7 /* TMovieDB-iOS (macOS) */;
			targetProxy = EC1256442844CC2500A82DB7 /* PBXContainerItemProxy */;
		};
/* End PBXTargetDependency section */

/* Begin XCBuildConfiguration section */
		EC1256552844CC2500A82DB7 /* Debug */ = {
			isa = XCBuildConfiguration;
			buildSettings = {
				ALWAYS_SEARCH_USER_PATHS = NO;
				CLANG_ANALYZER_NONNULL = YES;
				CLANG_ANALYZER_NUMBER_OBJECT_CONVERSION = YES_AGGRESSIVE;
				CLANG_CXX_LANGUAGE_STANDARD = "gnu++17";
				CLANG_ENABLE_MODULES = YES;
				CLANG_ENABLE_OBJC_ARC = YES;
				CLANG_ENABLE_OBJC_WEAK = YES;
				CLANG_WARN_BLOCK_CAPTURE_AUTORELEASING = YES;
				CLANG_WARN_BOOL_CONVERSION = YES;
				CLANG_WARN_COMMA = YES;
				CLANG_WARN_CONSTANT_CONVERSION = YES;
				CLANG_WARN_DEPRECATED_OBJC_IMPLEMENTATIONS = YES;
				CLANG_WARN_DIRECT_OBJC_ISA_USAGE = YES_ERROR;
				CLANG_WARN_DOCUMENTATION_COMMENTS = YES;
				CLANG_WARN_EMPTY_BODY = YES;
				CLANG_WARN_ENUM_CONVERSION = YES;
				CLANG_WARN_INFINITE_RECURSION = YES;
				CLANG_WARN_INT_CONVERSION = YES;
				CLANG_WARN_NON_LITERAL_NULL_CONVERSION = YES;
				CLANG_WARN_OBJC_IMPLICIT_RETAIN_SELF = YES;
				CLANG_WARN_OBJC_LITERAL_CONVERSION = YES;
				CLANG_WARN_OBJC_ROOT_CLASS = YES_ERROR;
				CLANG_WARN_QUOTED_INCLUDE_IN_FRAMEWORK_HEADER = YES;
				CLANG_WARN_RANGE_LOOP_ANALYSIS = YES;
				CLANG_WARN_STRICT_PROTOTYPES = YES;
				CLANG_WARN_SUSPICIOUS_MOVE = YES;
				CLANG_WARN_UNGUARDED_AVAILABILITY = YES_AGGRESSIVE;
				CLANG_WARN_UNREACHABLE_CODE = YES;
				CLANG_WARN__DUPLICATE_METHOD_MATCH = YES;
				COPY_PHASE_STRIP = NO;
				DEBUG_INFORMATION_FORMAT = dwarf;
				ENABLE_STRICT_OBJC_MSGSEND = YES;
				ENABLE_TESTABILITY = YES;
				GCC_C_LANGUAGE_STANDARD = gnu11;
				GCC_DYNAMIC_NO_PIC = NO;
				GCC_NO_COMMON_BLOCKS = YES;
				GCC_OPTIMIZATION_LEVEL = 0;
				GCC_PREPROCESSOR_DEFINITIONS = (
					"DEBUG=1",
					"$(inherited)",
				);
				GCC_WARN_64_TO_32_BIT_CONVERSION = YES;
				GCC_WARN_ABOUT_RETURN_TYPE = YES_ERROR;
				GCC_WARN_UNDECLARED_SELECTOR = YES;
				GCC_WARN_UNINITIALIZED_AUTOS = YES_AGGRESSIVE;
				GCC_WARN_UNUSED_FUNCTION = YES;
				GCC_WARN_UNUSED_VARIABLE = YES;
				MTL_ENABLE_DEBUG_INFO = INCLUDE_SOURCE;
				MTL_FAST_MATH = YES;
				ONLY_ACTIVE_ARCH = YES;
				SWIFT_ACTIVE_COMPILATION_CONDITIONS = DEBUG;
				SWIFT_OPTIMIZATION_LEVEL = "-Onone";
			};
			name = Debug;
		};
		EC1256562844CC2500A82DB7 /* Release */ = {
			isa = XCBuildConfiguration;
			buildSettings = {
				ALWAYS_SEARCH_USER_PATHS = NO;
				CLANG_ANALYZER_NONNULL = YES;
				CLANG_ANALYZER_NUMBER_OBJECT_CONVERSION = YES_AGGRESSIVE;
				CLANG_CXX_LANGUAGE_STANDARD = "gnu++17";
				CLANG_ENABLE_MODULES = YES;
				CLANG_ENABLE_OBJC_ARC = YES;
				CLANG_ENABLE_OBJC_WEAK = YES;
				CLANG_WARN_BLOCK_CAPTURE_AUTORELEASING = YES;
				CLANG_WARN_BOOL_CONVERSION = YES;
				CLANG_WARN_COMMA = YES;
				CLANG_WARN_CONSTANT_CONVERSION = YES;
				CLANG_WARN_DEPRECATED_OBJC_IMPLEMENTATIONS = YES;
				CLANG_WARN_DIRECT_OBJC_ISA_USAGE = YES_ERROR;
				CLANG_WARN_DOCUMENTATION_COMMENTS = YES;
				CLANG_WARN_EMPTY_BODY = YES;
				CLANG_WARN_ENUM_CONVERSION = YES;
				CLANG_WARN_INFINITE_RECURSION = YES;
				CLANG_WARN_INT_CONVERSION = YES;
				CLANG_WARN_NON_LITERAL_NULL_CONVERSION = YES;
				CLANG_WARN_OBJC_IMPLICIT_RETAIN_SELF = YES;
				CLANG_WARN_OBJC_LITERAL_CONVERSION = YES;
				CLANG_WARN_OBJC_ROOT_CLASS = YES_ERROR;
				CLANG_WARN_QUOTED_INCLUDE_IN_FRAMEWORK_HEADER = YES;
				CLANG_WARN_RANGE_LOOP_ANALYSIS = YES;
				CLANG_WARN_STRICT_PROTOTYPES = YES;
				CLANG_WARN_SUSPICIOUS_MOVE = YES;
				CLANG_WARN_UNGUARDED_AVAILABILITY = YES_AGGRESSIVE;
				CLANG_WARN_UNREACHABLE_CODE = YES;
				CLANG_WARN__DUPLICATE_METHOD_MATCH = YES;
				COPY_PHASE_STRIP = NO;
				DEBUG_INFORMATION_FORMAT = "dwarf-with-dsym";
				ENABLE_NS_ASSERTIONS = NO;
				ENABLE_STRICT_OBJC_MSGSEND = YES;
				GCC_C_LANGUAGE_STANDARD = gnu11;
				GCC_NO_COMMON_BLOCKS = YES;
				GCC_WARN_64_TO_32_BIT_CONVERSION = YES;
				GCC_WARN_ABOUT_RETURN_TYPE = YES_ERROR;
				GCC_WARN_UNDECLARED_SELECTOR = YES;
				GCC_WARN_UNINITIALIZED_AUTOS = YES_AGGRESSIVE;
				GCC_WARN_UNUSED_FUNCTION = YES;
				GCC_WARN_UNUSED_VARIABLE = YES;
				MTL_ENABLE_DEBUG_INFO = NO;
				MTL_FAST_MATH = YES;
				SWIFT_COMPILATION_MODE = wholemodule;
				SWIFT_OPTIMIZATION_LEVEL = "-O";
			};
			name = Release;
		};
		EC1256582844CC2500A82DB7 /* Debug */ = {
			isa = XCBuildConfiguration;
			buildSettings = {
				ASSETCATALOG_COMPILER_APPICON_NAME = AppIcon;
				ASSETCATALOG_COMPILER_GLOBAL_ACCENT_COLOR_NAME = AccentColor;
				CODE_SIGN_STYLE = Automatic;
				CURRENT_PROJECT_VERSION = 1;
				DEVELOPMENT_TEAM = 6M5M727687;
				ENABLE_PREVIEWS = YES;
				GENERATE_INFOPLIST_FILE = YES;
				INFOPLIST_KEY_UIApplicationSceneManifest_Generation = YES;
				INFOPLIST_KEY_UIApplicationSupportsIndirectInputEvents = YES;
				INFOPLIST_KEY_UILaunchScreen_Generation = YES;
				INFOPLIST_KEY_UISupportedInterfaceOrientations_iPad = "UIInterfaceOrientationPortrait UIInterfaceOrientationPortraitUpsideDown UIInterfaceOrientationLandscapeLeft UIInterfaceOrientationLandscapeRight";
				INFOPLIST_KEY_UISupportedInterfaceOrientations_iPhone = "UIInterfaceOrientationPortrait UIInterfaceOrientationLandscapeLeft UIInterfaceOrientationLandscapeRight";
				IPHONEOS_DEPLOYMENT_TARGET = 15.4;
				LD_RUNPATH_SEARCH_PATHS = (
					"$(inherited)",
					"@executable_path/Frameworks",
				);
				MARKETING_VERSION = 1.0;
				PRODUCT_BUNDLE_IDENTIFIER = "com.miniproject.TMovieDB-iOS";
				PRODUCT_NAME = "TMovieDB-iOS";
				SDKROOT = iphoneos;
				SWIFT_EMIT_LOC_STRINGS = YES;
				SWIFT_VERSION = 5.0;
				TARGETED_DEVICE_FAMILY = "1,2";
			};
			name = Debug;
		};
		EC1256592844CC2500A82DB7 /* Release */ = {
			isa = XCBuildConfiguration;
			buildSettings = {
				ASSETCATALOG_COMPILER_APPICON_NAME = AppIcon;
				ASSETCATALOG_COMPILER_GLOBAL_ACCENT_COLOR_NAME = AccentColor;
				CODE_SIGN_STYLE = Automatic;
				CURRENT_PROJECT_VERSION = 1;
				DEVELOPMENT_TEAM = 6M5M727687;
				ENABLE_PREVIEWS = YES;
				GENERATE_INFOPLIST_FILE = YES;
				INFOPLIST_KEY_UIApplicationSceneManifest_Generation = YES;
				INFOPLIST_KEY_UIApplicationSupportsIndirectInputEvents = YES;
				INFOPLIST_KEY_UILaunchScreen_Generation = YES;
				INFOPLIST_KEY_UISupportedInterfaceOrientations_iPad = "UIInterfaceOrientationPortrait UIInterfaceOrientationPortraitUpsideDown UIInterfaceOrientationLandscapeLeft UIInterfaceOrientationLandscapeRight";
				INFOPLIST_KEY_UISupportedInterfaceOrientations_iPhone = "UIInterfaceOrientationPortrait UIInterfaceOrientationLandscapeLeft UIInterfaceOrientationLandscapeRight";
				IPHONEOS_DEPLOYMENT_TARGET = 15.4;
				LD_RUNPATH_SEARCH_PATHS = (
					"$(inherited)",
					"@executable_path/Frameworks",
				);
				MARKETING_VERSION = 1.0;
				PRODUCT_BUNDLE_IDENTIFIER = "com.miniproject.TMovieDB-iOS";
				PRODUCT_NAME = "TMovieDB-iOS";
				SDKROOT = iphoneos;
				SWIFT_EMIT_LOC_STRINGS = YES;
				SWIFT_VERSION = 5.0;
				TARGETED_DEVICE_FAMILY = "1,2";
				VALIDATE_PRODUCT = YES;
			};
			name = Release;
		};
		EC12565B2844CC2500A82DB7 /* Debug */ = {
			isa = XCBuildConfiguration;
			buildSettings = {
				ASSETCATALOG_COMPILER_APPICON_NAME = AppIcon;
				ASSETCATALOG_COMPILER_GLOBAL_ACCENT_COLOR_NAME = AccentColor;
				CODE_SIGN_ENTITLEMENTS = macOS/macOS.entitlements;
				CODE_SIGN_STYLE = Automatic;
				COMBINE_HIDPI_IMAGES = YES;
				CURRENT_PROJECT_VERSION = 1;
				DEVELOPMENT_TEAM = 6M5M727687;
				ENABLE_HARDENED_RUNTIME = YES;
				ENABLE_PREVIEWS = YES;
				GENERATE_INFOPLIST_FILE = YES;
				INFOPLIST_KEY_NSHumanReadableCopyright = "";
				LD_RUNPATH_SEARCH_PATHS = (
					"$(inherited)",
					"@executable_path/../Frameworks",
				);
				MACOSX_DEPLOYMENT_TARGET = 12.3;
				MARKETING_VERSION = 1.0;
				PRODUCT_BUNDLE_IDENTIFIER = "com.miniproject.TMovieDB-iOS";
				PRODUCT_NAME = "TMovieDB-iOS";
				SDKROOT = macosx;
				SWIFT_EMIT_LOC_STRINGS = YES;
				SWIFT_VERSION = 5.0;
			};
			name = Debug;
		};
		EC12565C2844CC2500A82DB7 /* Release */ = {
			isa = XCBuildConfiguration;
			buildSettings = {
				ASSETCATALOG_COMPILER_APPICON_NAME = AppIcon;
				ASSETCATALOG_COMPILER_GLOBAL_ACCENT_COLOR_NAME = AccentColor;
				CODE_SIGN_ENTITLEMENTS = macOS/macOS.entitlements;
				CODE_SIGN_STYLE = Automatic;
				COMBINE_HIDPI_IMAGES = YES;
				CURRENT_PROJECT_VERSION = 1;
				DEVELOPMENT_TEAM = 6M5M727687;
				ENABLE_HARDENED_RUNTIME = YES;
				ENABLE_PREVIEWS = YES;
				GENERATE_INFOPLIST_FILE = YES;
				INFOPLIST_KEY_NSHumanReadableCopyright = "";
				LD_RUNPATH_SEARCH_PATHS = (
					"$(inherited)",
					"@executable_path/../Frameworks",
				);
				MACOSX_DEPLOYMENT_TARGET = 12.3;
				MARKETING_VERSION = 1.0;
				PRODUCT_BUNDLE_IDENTIFIER = "com.miniproject.TMovieDB-iOS";
				PRODUCT_NAME = "TMovieDB-iOS";
				SDKROOT = macosx;
				SWIFT_EMIT_LOC_STRINGS = YES;
				SWIFT_VERSION = 5.0;
			};
			name = Release;
		};
		EC12565E2844CC2500A82DB7 /* Debug */ = {
			isa = XCBuildConfiguration;
			buildSettings = {
				ALWAYS_EMBED_SWIFT_STANDARD_LIBRARIES = YES;
				CODE_SIGN_STYLE = Automatic;
				CURRENT_PROJECT_VERSION = 1;
				DEVELOPMENT_TEAM = 6M5M727687;
				GENERATE_INFOPLIST_FILE = YES;
				IPHONEOS_DEPLOYMENT_TARGET = 15.4;
				MARKETING_VERSION = 1.0;
				PRODUCT_BUNDLE_IDENTIFIER = "com.miniproject.Tests-iOS";
				PRODUCT_NAME = "$(TARGET_NAME)";
				SDKROOT = iphoneos;
				SWIFT_EMIT_LOC_STRINGS = NO;
				SWIFT_VERSION = 5.0;
				TARGETED_DEVICE_FAMILY = "1,2";
				TEST_TARGET_NAME = "TMovieDB-iOS (iOS)";
			};
			name = Debug;
		};
		EC12565F2844CC2500A82DB7 /* Release */ = {
			isa = XCBuildConfiguration;
			buildSettings = {
				ALWAYS_EMBED_SWIFT_STANDARD_LIBRARIES = YES;
				CODE_SIGN_STYLE = Automatic;
				CURRENT_PROJECT_VERSION = 1;
				DEVELOPMENT_TEAM = 6M5M727687;
				GENERATE_INFOPLIST_FILE = YES;
				IPHONEOS_DEPLOYMENT_TARGET = 15.4;
				MARKETING_VERSION = 1.0;
				PRODUCT_BUNDLE_IDENTIFIER = "com.miniproject.Tests-iOS";
				PRODUCT_NAME = "$(TARGET_NAME)";
				SDKROOT = iphoneos;
				SWIFT_EMIT_LOC_STRINGS = NO;
				SWIFT_VERSION = 5.0;
				TARGETED_DEVICE_FAMILY = "1,2";
				TEST_TARGET_NAME = "TMovieDB-iOS (iOS)";
				VALIDATE_PRODUCT = YES;
			};
			name = Release;
		};
		EC1256612844CC2500A82DB7 /* Debug */ = {
			isa = XCBuildConfiguration;
			buildSettings = {
				ALWAYS_EMBED_SWIFT_STANDARD_LIBRARIES = YES;
				CODE_SIGN_STYLE = Automatic;
				CURRENT_PROJECT_VERSION = 1;
				DEVELOPMENT_TEAM = 6M5M727687;
				GENERATE_INFOPLIST_FILE = YES;
				MACOSX_DEPLOYMENT_TARGET = 12.3;
				MARKETING_VERSION = 1.0;
				PRODUCT_BUNDLE_IDENTIFIER = "com.miniproject.Tests-macOS";
				PRODUCT_NAME = "$(TARGET_NAME)";
				SDKROOT = macosx;
				SWIFT_EMIT_LOC_STRINGS = NO;
				SWIFT_VERSION = 5.0;
				TEST_TARGET_NAME = "TMovieDB-iOS (macOS)";
			};
			name = Debug;
		};
		EC1256622844CC2500A82DB7 /* Release */ = {
			isa = XCBuildConfiguration;
			buildSettings = {
				ALWAYS_EMBED_SWIFT_STANDARD_LIBRARIES = YES;
				CODE_SIGN_STYLE = Automatic;
				CURRENT_PROJECT_VERSION = 1;
				DEVELOPMENT_TEAM = 6M5M727687;
				GENERATE_INFOPLIST_FILE = YES;
				MACOSX_DEPLOYMENT_TARGET = 12.3;
				MARKETING_VERSION = 1.0;
				PRODUCT_BUNDLE_IDENTIFIER = "com.miniproject.Tests-macOS";
				PRODUCT_NAME = "$(TARGET_NAME)";
				SDKROOT = macosx;
				SWIFT_EMIT_LOC_STRINGS = NO;
				SWIFT_VERSION = 5.0;
				TEST_TARGET_NAME = "TMovieDB-iOS (macOS)";
			};
			name = Release;
		};
/* End XCBuildConfiguration section */

/* Begin XCConfigurationList section */
		EC12561E2844CC2400A82DB7 /* Build configuration list for PBXProject "TMovieDB-iOS" */ = {
			isa = XCConfigurationList;
			buildConfigurations = (
				EC1256552844CC2500A82DB7 /* Debug */,
				EC1256562844CC2500A82DB7 /* Release */,
			);
			defaultConfigurationIsVisible = 0;
			defaultConfigurationName = Release;
		};
		EC1256572844CC2500A82DB7 /* Build configuration list for PBXNativeTarget "TMovieDB-iOS (iOS)" */ = {
			isa = XCConfigurationList;
			buildConfigurations = (
				EC1256582844CC2500A82DB7 /* Debug */,
				EC1256592844CC2500A82DB7 /* Release */,
			);
			defaultConfigurationIsVisible = 0;
			defaultConfigurationName = Release;
		};
		EC12565A2844CC2500A82DB7 /* Build configuration list for PBXNativeTarget "TMovieDB-iOS (macOS)" */ = {
			isa = XCConfigurationList;
			buildConfigurations = (
				EC12565B2844CC2500A82DB7 /* Debug */,
				EC12565C2844CC2500A82DB7 /* Release */,
			);
			defaultConfigurationIsVisible = 0;
			defaultConfigurationName = Release;
		};
		EC12565D2844CC2500A82DB7 /* Build configuration list for PBXNativeTarget "Tests iOS" */ = {
			isa = XCConfigurationList;
			buildConfigurations = (
				EC12565E2844CC2500A82DB7 /* Debug */,
				EC12565F2844CC2500A82DB7 /* Release */,
			);
			defaultConfigurationIsVisible = 0;
			defaultConfigurationName = Release;
		};
		EC1256602844CC2500A82DB7 /* Build configuration list for PBXNativeTarget "Tests macOS" */ = {
			isa = XCConfigurationList;
			buildConfigurations = (
				EC1256612844CC2500A82DB7 /* Debug */,
				EC1256622844CC2500A82DB7 /* Release */,
			);
			defaultConfigurationIsVisible = 0;
			defaultConfigurationName = Release;
		};
/* End XCConfigurationList section */

/* Begin XCVersionGroup section */
		EC1256202844CC2400A82DB7 /* TMovieDB_iOS.xcdatamodeld */ = {
			isa = XCVersionGroup;
			children = (
				EC1256212844CC2400A82DB7 /* Shared.xcdatamodel */,
			);
			currentVersion = EC1256212844CC2400A82DB7 /* Shared.xcdatamodel */;
			path = TMovieDB_iOS.xcdatamodeld;
			sourceTree = "<group>";
			versionGroupType = wrapper.xcdatamodel;
		};
/* End XCVersionGroup section */
	};
	rootObject = EC12561B2844CC2400A82DB7 /* Project object */;
}
